
Microsoft Visual Studio Solution File, Format Version 12.00
# Visual Studio 15
VisualStudioVersion = 15.0.28307.168
MinimumVisualStudioVersion = 10.0.40219.1
Project("{FAE04EC0-301F-11D3-BF4B-00C04F79EFBC}") = "l42", "ComputationalMath4\l42.csproj", "{24226F3E-B1C1-4B0E-8DD2-72BD0213FA50}"
EndProject
Global
	GlobalSection(SolutionConfigurationPlatforms) = preSolution
		Debug|Any CPU = Debug|Any CPU
		Release|Any CPU = Release|Any CPU
	EndGlobalSection
	GlobalSection(ProjectConfigurationPlatforms) = postSolution
		{24226F3E-B1C1-4B0E-8DD2-72BD0213FA50}.Debug|Any CPU.ActiveCfg = Debug|Any CPU
		{24226F3E-B1C1-4B0E-8DD2-72BD0213FA50}.Debug|Any CPU.Build.0 = Debug|Any CPU
		{24226F3E-B1C1-4B0E-8DD2-72BD0213FA50}.Release|Any CPU.ActiveCfg = Release|Any CPU
		{24226F3E-B1C1-4B0E-8DD2-72BD0213FA50}.Release|Any CPU.Build.0 = Release|Any CPU
	EndGlobalSection
	GlobalSection(SolutionProperties) = preSolution
		HideSolutionNode = FALSE
	EndGlobalSection
	GlobalSection(ExtensibilityGlobals) = postSolution
		SolutionGuid = {E7AE255F-2418-4447-95FD-45F1C83EE0D4}
	EndGlobalSection
EndGlobal
